
Microsoft Visual Studio Solution File, Format Version 12.00
# Visual Studio Version 17
VisualStudioVersion = 17.7.34024.191
MinimumVisualStudioVersion = 10.0.40219.1
Project("{9A19103F-16F7-4668-BE54-9A1E7A4F7556}") = "ERPAPI", "ERPAPI\ERPAPI.csproj", "{07C18D3C-9D06-403E-809F-45EB5A9A351F}"
EndProject
Project("{9A19103F-16F7-4668-BE54-9A1E7A4F7556}") = "ERPWINFORMS", "ERPWINFORMS\ERPWINFORMS.csproj", "{EA9E6DE8-5719-4396-854F-3B5DFB957A3E}"
EndProject
Global
	GlobalSection(SolutionConfigurationPlatforms) = preSolution
		Debug|Any CPU = Debug|Any CPU
		Release|Any CPU = Release|Any CPU
	EndGlobalSection
	GlobalSection(ProjectConfigurationPlatforms) = postSolution
		{07C18D3C-9D06-403E-809F-45EB5A9A351F}.Debug|Any CPU.ActiveCfg = Debug|Any CPU
		{07C18D3C-9D06-403E-809F-45EB5A9A351F}.Debug|Any CPU.Build.0 = Debug|Any CPU
		{07C18D3C-9D06-403E-809F-45EB5A9A351F}.Release|Any CPU.ActiveCfg = Release|Any CPU
		{07C18D3C-9D06-403E-809F-45EB5A9A351F}.Release|Any CPU.Build.0 = Release|Any CPU
		{EA9E6DE8-5719-4396-854F-3B5DFB957A3E}.Debug|Any CPU.ActiveCfg = Debug|Any CPU
		{EA9E6DE8-5719-4396-854F-3B5DFB957A3E}.Debug|Any CPU.Build.0 = Debug|Any CPU
		{EA9E6DE8-5719-4396-854F-3B5DFB957A3E}.Release|Any CPU.ActiveCfg = Release|Any CPU
		{EA9E6DE8-5719-4396-854F-3B5DFB957A3E}.Release|Any CPU.Build.0 = Release|Any CPU
	EndGlobalSection
	GlobalSection(SolutionProperties) = preSolution
		HideSolutionNode = FALSE
	EndGlobalSection
	GlobalSection(ExtensibilityGlobals) = postSolution
		SolutionGuid = {FB570081-AF02-44EA-9F88-3C6919E1C3F9}
	EndGlobalSection
EndGlobal
